
Microsoft Visual Studio Solution File, Format Version 12.00
# Visual Studio 15
VisualStudioVersion = 15.0.27130.2024
MinimumVisualStudioVersion = 10.0.40219.1
Project("{FAE04EC0-301F-11D3-BF4B-00C04F79EFBC}") = "SFA.DAS.Forecasting.Web", "SFA.DAS.Forecasting.Web\SFA.DAS.Forecasting.Web.csproj", "{DEC16FDF-5394-4137-8C67-21414ED636EB}"
EndProject
Project("{FAE04EC0-301F-11D3-BF4B-00C04F79EFBC}") = "SFA.DAS.Forecasting.Infrastructure", "SFA.DAS.Forecasting.Infrastructure\SFA.DAS.Forecasting.Infrastructure.csproj", "{30D7F22F-F384-4027-B91B-B2E1D08489DE}"
EndProject
Project("{FAE04EC0-301F-11D3-BF4B-00C04F79EFBC}") = "SFA.DAS.Forecasting.Domain", "SFA.DAS.Forecasting.Domain\SFA.DAS.Forecasting.Domain.csproj", "{737C7231-3BF2-4D0B-992E-A227D95EAA53}"
EndProject
Project("{FAE04EC0-301F-11D3-BF4B-00C04F79EFBC}") = "SFA.DAS.Forecasting.Application", "SFA.DAS.Forecasting.Application\SFA.DAS.Forecasting.Application.csproj", "{B6B0820B-097F-4938-A1D4-FE92F3A1308F}"
EndProject
Project("{00D1A9C2-B5F0-4AF3-8072-F6C62B433612}") = "SFA.DAS.Forecasting.Database", "SFA.DAS.Forecasting.Database\SFA.DAS.Forecasting.Database.sqlproj", "{EA78B624-B197-47D6-B1B2-171D9CF75371}"
EndProject
Project("{2150E333-8FDC-42A3-9474-1A3956D46DE8}") = "Tests", "Tests", "{1DD9C0CC-B5FA-4244-9E57-43B8A9DCAD85}"
EndProject
Project("{FAE04EC0-301F-11D3-BF4B-00C04F79EFBC}") = "SFA.DAS.Forecasting.Application.UnitTests", "SFA.DAS.Forecasting.Application.UnitTests\SFA.DAS.Forecasting.Application.UnitTests.csproj", "{2477A59A-E3A7-4003-8C40-E48FD4E219EF}"
EndProject
Project("{FAE04EC0-301F-11D3-BF4B-00C04F79EFBC}") = "SFA.DAS.Forecasting.Web.Automation", "SFA.DAS.Forecasting.Web.Automation\SFA.DAS.Forecasting.Web.Automation.csproj", "{5EA585E1-4DA6-40BE-8611-B8F2535F7085}"
EndProject
Project("{FAE04EC0-301F-11D3-BF4B-00C04F79EFBC}") = "SFA.DAS.Forecasting.Web.AcceptanceTests", "SFA.DAS.Forecasting.Web.AcceptanceTests\SFA.DAS.Forecasting.Web.AcceptanceTests.csproj", "{53EAF7C5-7389-4F4D-BF13-073253D32CCD}"
EndProject
Project("{2150E333-8FDC-42A3-9474-1A3956D46DE8}") = "Levy", "Levy", "{C85801B7-AAD9-4568-AC6F-01F918EAD7C0}"
EndProject
Project("{9A19103F-16F7-4668-BE54-9A1E7A4F7556}") = "SFA.DAS.Forecasting.Levy.Functions", "Levy\SFA.DAS.Forecasting.Levy.Functions\SFA.DAS.Forecasting.Levy.Functions.csproj", "{B496FDBD-F723-4EA2-B380-5DFFF9F09A4E}"
EndProject
Project("{FAE04EC0-301F-11D3-BF4B-00C04F79EFBC}") = "SFA.DAS.Forecasting.Functions.Framework", "SFA.DAS.Forecasting.Functions.Framework\SFA.DAS.Forecasting.Functions.Framework.csproj", "{C6C44EF9-7599-49EB-958D-00681B642C9B}"
EndProject
Project("{FAE04EC0-301F-11D3-BF4B-00C04F79EFBC}") = "SFA.DAS.Forecasting.Core", "SFA.DAS.Forecasting.Core\SFA.DAS.Forecasting.Core.csproj", "{426CE92A-1ACB-4FFE-ADB2-5B49484F33CA}"
EndProject
Project("{2150E333-8FDC-42A3-9474-1A3956D46DE8}") = "Payments", "Payments", "{BAE111DC-C72A-46BD-9D2A-5E55AD3E4A9C}"
EndProject
Project("{9A19103F-16F7-4668-BE54-9A1E7A4F7556}") = "SFA.DAS.Forecasting.Payments.Functions", "SFA.DAS.Forecasting.Payments.Functions\SFA.DAS.Forecasting.Payments.Functions.csproj", "{4E2AC790-1A6F-4B56-8609-0F576BFF3613}"
EndProject
Project("{FAE04EC0-301F-11D3-BF4B-00C04F79EFBC}") = "SFA.DAS.Forecasting.AcceptanceTests", "SFA.DAS.Forecasting.AcceptanceTests\SFA.DAS.Forecasting.AcceptanceTests.csproj", "{B0AB734A-AA53-4F32-92A0-0C7ADD6A336C}"
EndProject
Project("{FAE04EC0-301F-11D3-BF4B-00C04F79EFBC}") = "SFA.DAS.Forecasting.Domain.UnitTests", "SFA.DAS.Forecasting.Domain.UnitTests\SFA.DAS.Forecasting.Domain.UnitTests.csproj", "{B854C713-F745-413F-A493-22A5F5B13689}"
EndProject
Global
	GlobalSection(SolutionConfigurationPlatforms) = preSolution
		Debug|Any CPU = Debug|Any CPU
		Release|Any CPU = Release|Any CPU
	EndGlobalSection
	GlobalSection(ProjectConfigurationPlatforms) = postSolution
		{DEC16FDF-5394-4137-8C67-21414ED636EB}.Debug|Any CPU.ActiveCfg = Debug|Any CPU
		{DEC16FDF-5394-4137-8C67-21414ED636EB}.Debug|Any CPU.Build.0 = Debug|Any CPU
		{DEC16FDF-5394-4137-8C67-21414ED636EB}.Release|Any CPU.ActiveCfg = Release|Any CPU
		{DEC16FDF-5394-4137-8C67-21414ED636EB}.Release|Any CPU.Build.0 = Release|Any CPU
		{30D7F22F-F384-4027-B91B-B2E1D08489DE}.Debug|Any CPU.ActiveCfg = Debug|Any CPU
		{30D7F22F-F384-4027-B91B-B2E1D08489DE}.Debug|Any CPU.Build.0 = Debug|Any CPU
		{30D7F22F-F384-4027-B91B-B2E1D08489DE}.Release|Any CPU.ActiveCfg = Release|Any CPU
		{30D7F22F-F384-4027-B91B-B2E1D08489DE}.Release|Any CPU.Build.0 = Release|Any CPU
		{737C7231-3BF2-4D0B-992E-A227D95EAA53}.Debug|Any CPU.ActiveCfg = Debug|Any CPU
		{737C7231-3BF2-4D0B-992E-A227D95EAA53}.Debug|Any CPU.Build.0 = Debug|Any CPU
		{737C7231-3BF2-4D0B-992E-A227D95EAA53}.Release|Any CPU.ActiveCfg = Release|Any CPU
		{737C7231-3BF2-4D0B-992E-A227D95EAA53}.Release|Any CPU.Build.0 = Release|Any CPU
		{B6B0820B-097F-4938-A1D4-FE92F3A1308F}.Debug|Any CPU.ActiveCfg = Debug|Any CPU
		{B6B0820B-097F-4938-A1D4-FE92F3A1308F}.Debug|Any CPU.Build.0 = Debug|Any CPU
		{B6B0820B-097F-4938-A1D4-FE92F3A1308F}.Release|Any CPU.ActiveCfg = Release|Any CPU
		{B6B0820B-097F-4938-A1D4-FE92F3A1308F}.Release|Any CPU.Build.0 = Release|Any CPU
		{EA78B624-B197-47D6-B1B2-171D9CF75371}.Debug|Any CPU.ActiveCfg = Debug|Any CPU
		{EA78B624-B197-47D6-B1B2-171D9CF75371}.Debug|Any CPU.Build.0 = Debug|Any CPU
		{EA78B624-B197-47D6-B1B2-171D9CF75371}.Debug|Any CPU.Deploy.0 = Debug|Any CPU
		{EA78B624-B197-47D6-B1B2-171D9CF75371}.Release|Any CPU.ActiveCfg = Release|Any CPU
		{EA78B624-B197-47D6-B1B2-171D9CF75371}.Release|Any CPU.Build.0 = Release|Any CPU
		{EA78B624-B197-47D6-B1B2-171D9CF75371}.Release|Any CPU.Deploy.0 = Release|Any CPU
		{2477A59A-E3A7-4003-8C40-E48FD4E219EF}.Debug|Any CPU.ActiveCfg = Debug|Any CPU
		{2477A59A-E3A7-4003-8C40-E48FD4E219EF}.Debug|Any CPU.Build.0 = Debug|Any CPU
		{2477A59A-E3A7-4003-8C40-E48FD4E219EF}.Release|Any CPU.ActiveCfg = Release|Any CPU
		{2477A59A-E3A7-4003-8C40-E48FD4E219EF}.Release|Any CPU.Build.0 = Release|Any CPU
		{5EA585E1-4DA6-40BE-8611-B8F2535F7085}.Debug|Any CPU.ActiveCfg = Debug|Any CPU
		{5EA585E1-4DA6-40BE-8611-B8F2535F7085}.Debug|Any CPU.Build.0 = Debug|Any CPU
		{5EA585E1-4DA6-40BE-8611-B8F2535F7085}.Release|Any CPU.ActiveCfg = Release|Any CPU
		{5EA585E1-4DA6-40BE-8611-B8F2535F7085}.Release|Any CPU.Build.0 = Release|Any CPU
		{53EAF7C5-7389-4F4D-BF13-073253D32CCD}.Debug|Any CPU.ActiveCfg = Debug|Any CPU
		{53EAF7C5-7389-4F4D-BF13-073253D32CCD}.Debug|Any CPU.Build.0 = Debug|Any CPU
		{53EAF7C5-7389-4F4D-BF13-073253D32CCD}.Release|Any CPU.ActiveCfg = Release|Any CPU
		{53EAF7C5-7389-4F4D-BF13-073253D32CCD}.Release|Any CPU.Build.0 = Release|Any CPU
		{B496FDBD-F723-4EA2-B380-5DFFF9F09A4E}.Debug|Any CPU.ActiveCfg = Debug|Any CPU
		{B496FDBD-F723-4EA2-B380-5DFFF9F09A4E}.Debug|Any CPU.Build.0 = Debug|Any CPU
		{B496FDBD-F723-4EA2-B380-5DFFF9F09A4E}.Release|Any CPU.ActiveCfg = Release|Any CPU
		{B496FDBD-F723-4EA2-B380-5DFFF9F09A4E}.Release|Any CPU.Build.0 = Release|Any CPU
		{C6C44EF9-7599-49EB-958D-00681B642C9B}.Debug|Any CPU.ActiveCfg = Debug|Any CPU
		{C6C44EF9-7599-49EB-958D-00681B642C9B}.Debug|Any CPU.Build.0 = Debug|Any CPU
		{C6C44EF9-7599-49EB-958D-00681B642C9B}.Release|Any CPU.ActiveCfg = Release|Any CPU
		{C6C44EF9-7599-49EB-958D-00681B642C9B}.Release|Any CPU.Build.0 = Release|Any CPU
		{426CE92A-1ACB-4FFE-ADB2-5B49484F33CA}.Debug|Any CPU.ActiveCfg = Debug|Any CPU
		{426CE92A-1ACB-4FFE-ADB2-5B49484F33CA}.Debug|Any CPU.Build.0 = Debug|Any CPU
		{426CE92A-1ACB-4FFE-ADB2-5B49484F33CA}.Release|Any CPU.ActiveCfg = Release|Any CPU
		{426CE92A-1ACB-4FFE-ADB2-5B49484F33CA}.Release|Any CPU.Build.0 = Release|Any CPU
		{4E2AC790-1A6F-4B56-8609-0F576BFF3613}.Debug|Any CPU.ActiveCfg = Debug|Any CPU
		{4E2AC790-1A6F-4B56-8609-0F576BFF3613}.Debug|Any CPU.Build.0 = Debug|Any CPU
		{4E2AC790-1A6F-4B56-8609-0F576BFF3613}.Release|Any CPU.ActiveCfg = Release|Any CPU
		{4E2AC790-1A6F-4B56-8609-0F576BFF3613}.Release|Any CPU.Build.0 = Release|Any CPU
		{B0AB734A-AA53-4F32-92A0-0C7ADD6A336C}.Debug|Any CPU.ActiveCfg = Debug|Any CPU
		{B0AB734A-AA53-4F32-92A0-0C7ADD6A336C}.Debug|Any CPU.Build.0 = Debug|Any CPU
		{B0AB734A-AA53-4F32-92A0-0C7ADD6A336C}.Release|Any CPU.ActiveCfg = Release|Any CPU
		{B0AB734A-AA53-4F32-92A0-0C7ADD6A336C}.Release|Any CPU.Build.0 = Release|Any CPU
		{B854C713-F745-413F-A493-22A5F5B13689}.Debug|Any CPU.ActiveCfg = Debug|Any CPU
		{B854C713-F745-413F-A493-22A5F5B13689}.Debug|Any CPU.Build.0 = Debug|Any CPU
		{B854C713-F745-413F-A493-22A5F5B13689}.Release|Any CPU.ActiveCfg = Release|Any CPU
		{B854C713-F745-413F-A493-22A5F5B13689}.Release|Any CPU.Build.0 = Release|Any CPU
	EndGlobalSection
	GlobalSection(SolutionProperties) = preSolution
		HideSolutionNode = FALSE
	EndGlobalSection
	GlobalSection(NestedProjects) = preSolution
		{2477A59A-E3A7-4003-8C40-E48FD4E219EF} = {1DD9C0CC-B5FA-4244-9E57-43B8A9DCAD85}
		{5EA585E1-4DA6-40BE-8611-B8F2535F7085} = {1DD9C0CC-B5FA-4244-9E57-43B8A9DCAD85}
		{53EAF7C5-7389-4F4D-BF13-073253D32CCD} = {1DD9C0CC-B5FA-4244-9E57-43B8A9DCAD85}
		{B496FDBD-F723-4EA2-B380-5DFFF9F09A4E} = {C85801B7-AAD9-4568-AC6F-01F918EAD7C0}
		{4E2AC790-1A6F-4B56-8609-0F576BFF3613} = {BAE111DC-C72A-46BD-9D2A-5E55AD3E4A9C}
		{B0AB734A-AA53-4F32-92A0-0C7ADD6A336C} = {1DD9C0CC-B5FA-4244-9E57-43B8A9DCAD85}
		{B854C713-F745-413F-A493-22A5F5B13689} = {1DD9C0CC-B5FA-4244-9E57-43B8A9DCAD85}
	EndGlobalSection
	GlobalSection(ExtensibilityGlobals) = postSolution
		SolutionGuid = {89553F32-71A1-4EE1-8BD1-BC5BCC7E5E70}
	EndGlobalSection
EndGlobal
