
Microsoft Visual Studio Solution File, Format Version 12.00
# Visual Studio 14
VisualStudioVersion = 14.0.25420.1
MinimumVisualStudioVersion = 10.0.40219.1
Project("{FAE04EC0-301F-11D3-BF4B-00C04F79EFBC}") = "SFA.DAS.Forecasting.Web", "SFA.DAS.Forecasting.Web\SFA.DAS.Forecasting.Web.csproj", "{DEC16FDF-5394-4137-8C67-21414ED636EB}"
EndProject
Global
	GlobalSection(SolutionConfigurationPlatforms) = preSolution
		Debug|Any CPU = Debug|Any CPU
		Release|Any CPU = Release|Any CPU
	EndGlobalSection
	GlobalSection(ProjectConfigurationPlatforms) = postSolution
		{DEC16FDF-5394-4137-8C67-21414ED636EB}.Debug|Any CPU.ActiveCfg = Debug|Any CPU
		{DEC16FDF-5394-4137-8C67-21414ED636EB}.Debug|Any CPU.Build.0 = Debug|Any CPU
		{DEC16FDF-5394-4137-8C67-21414ED636EB}.Release|Any CPU.ActiveCfg = Release|Any CPU
		{DEC16FDF-5394-4137-8C67-21414ED636EB}.Release|Any CPU.Build.0 = Release|Any CPU
	EndGlobalSection
	GlobalSection(SolutionProperties) = preSolution
		HideSolutionNode = FALSE
	EndGlobalSection
EndGlobal
