
Microsoft Visual Studio Solution File, Format Version 12.00
# Visual Studio 15
VisualStudioVersion = 15.0.27130.2036
MinimumVisualStudioVersion = 10.0.40219.1
Project("{FAE04EC0-301F-11D3-BF4B-00C04F79EFBC}") = "SFA.DAS.Forecasting.Web", "SFA.DAS.Forecasting.Web\SFA.DAS.Forecasting.Web.csproj", "{DEC16FDF-5394-4137-8C67-21414ED636EB}"
EndProject
Project("{FAE04EC0-301F-11D3-BF4B-00C04F79EFBC}") = "SFA.DAS.Forecasting.Domain", "SFA.DAS.Forecasting.Domain\SFA.DAS.Forecasting.Domain.csproj", "{737C7231-3BF2-4D0B-992E-A227D95EAA53}"
EndProject
Project("{FAE04EC0-301F-11D3-BF4B-00C04F79EFBC}") = "SFA.DAS.Forecasting.Application", "SFA.DAS.Forecasting.Application\SFA.DAS.Forecasting.Application.csproj", "{B6B0820B-097F-4938-A1D4-FE92F3A1308F}"
EndProject
Project("{00D1A9C2-B5F0-4AF3-8072-F6C62B433612}") = "SFA.DAS.Forecasting.Database", "SFA.DAS.Forecasting.Database\SFA.DAS.Forecasting.Database.sqlproj", "{EA78B624-B197-47D6-B1B2-171D9CF75371}"
EndProject
Project("{2150E333-8FDC-42A3-9474-1A3956D46DE8}") = "Tests", "Tests", "{1DD9C0CC-B5FA-4244-9E57-43B8A9DCAD85}"
EndProject
Project("{FAE04EC0-301F-11D3-BF4B-00C04F79EFBC}") = "SFA.DAS.Forecasting.Application.UnitTests", "SFA.DAS.Forecasting.Application.UnitTests\SFA.DAS.Forecasting.Application.UnitTests.csproj", "{2477A59A-E3A7-4003-8C40-E48FD4E219EF}"
EndProject
Project("{FAE04EC0-301F-11D3-BF4B-00C04F79EFBC}") = "SFA.DAS.Forecasting.Web.Automation", "SFA.DAS.Forecasting.Web.Automation\SFA.DAS.Forecasting.Web.Automation.csproj", "{5EA585E1-4DA6-40BE-8611-B8F2535F7085}"
EndProject
Project("{FAE04EC0-301F-11D3-BF4B-00C04F79EFBC}") = "SFA.DAS.Forecasting.Web.AcceptanceTests", "SFA.DAS.Forecasting.Web.AcceptanceTests\SFA.DAS.Forecasting.Web.AcceptanceTests.csproj", "{53EAF7C5-7389-4F4D-BF13-073253D32CCD}"
EndProject
Project("{FAE04EC0-301F-11D3-BF4B-00C04F79EFBC}") = "SFA.DAS.Forecasting.Functions.Framework", "SFA.DAS.Forecasting.Functions.Framework\SFA.DAS.Forecasting.Functions.Framework.csproj", "{C6C44EF9-7599-49EB-958D-00681B642C9B}"
EndProject
Project("{FAE04EC0-301F-11D3-BF4B-00C04F79EFBC}") = "SFA.DAS.Forecasting.Core", "SFA.DAS.Forecasting.Core\SFA.DAS.Forecasting.Core.csproj", "{426CE92A-1ACB-4FFE-ADB2-5B49484F33CA}"
EndProject
Project("{9A19103F-16F7-4668-BE54-9A1E7A4F7556}") = "SFA.DAS.Forecasting.Payments.Functions", "SFA.DAS.Forecasting.Payments.Functions\SFA.DAS.Forecasting.Payments.Functions.csproj", "{4E2AC790-1A6F-4B56-8609-0F576BFF3613}"
EndProject
Project("{FAE04EC0-301F-11D3-BF4B-00C04F79EFBC}") = "SFA.DAS.Forecasting.AcceptanceTests", "SFA.DAS.Forecasting.AcceptanceTests\SFA.DAS.Forecasting.AcceptanceTests.csproj", "{B0AB734A-AA53-4F32-92A0-0C7ADD6A336C}"
	ProjectSection(ProjectDependencies) = postProject
		{1F221B45-8924-4260-89FB-7C94F4FB3E42} = {1F221B45-8924-4260-89FB-7C94F4FB3E42}
		{4E2AC790-1A6F-4B56-8609-0F576BFF3613} = {4E2AC790-1A6F-4B56-8609-0F576BFF3613}
		{F36C43B1-49D5-4820-BCA7-32C73B110C99} = {F36C43B1-49D5-4820-BCA7-32C73B110C99}
		{602A91CA-3FC9-4A33-8B50-2714173EA22C} = {602A91CA-3FC9-4A33-8B50-2714173EA22C}
	EndProjectSection
EndProject
Project("{FAE04EC0-301F-11D3-BF4B-00C04F79EFBC}") = "SFA.DAS.Forecasting.Domain.UnitTests", "SFA.DAS.Forecasting.Domain.UnitTests\SFA.DAS.Forecasting.Domain.UnitTests.csproj", "{B854C713-F745-413F-A493-22A5F5B13689}"
EndProject
Project("{2150E333-8FDC-42A3-9474-1A3956D46DE8}") = "Functions", "Functions", "{520C268E-E13A-4578-A05F-64F42F471AE5}"
EndProject
Project("{9A19103F-16F7-4668-BE54-9A1E7A4F7556}") = "SFA.DAS.Forecasting.Levy.Functions", "SFA.DAS.Forecasting.Levy.Functions\SFA.DAS.Forecasting.Levy.Functions.csproj", "{602A91CA-3FC9-4A33-8B50-2714173EA22C}"
EndProject
Project("{9A19103F-16F7-4668-BE54-9A1E7A4F7556}") = "SFA.DAS.Forecasting.Projections.Functions", "SFA.DAS.Forecasting.Projections.Functions\SFA.DAS.Forecasting.Projections.Functions.csproj", "{F36C43B1-49D5-4820-BCA7-32C73B110C99}"
EndProject
Project("{FAE04EC0-301F-11D3-BF4B-00C04F79EFBC}") = "SFA.DAS.Forecasting.Messages", "SFA.DAS.Forecasting.Messages\SFA.DAS.Forecasting.Messages.csproj", "{ECF5F114-FF6F-4D2C-AB19-B430D02EFBE7}"
EndProject
Project("{FAE04EC0-301F-11D3-BF4B-00C04F79EFBC}") = "SFA.DAS.Forecasting.Models", "SFA.DAS.Forecasting.Models\SFA.DAS.Forecasting.Models.csproj", "{97049CCE-774A-4377-B682-1C01B95C2CF3}"
EndProject
Project("{151D2E53-A2C4-4D7D-83FE-D05416EBD58E}") = "SFA.DAS.Forecasting.Azure.Resources", "SFA.DAS.Forecasting.Azure.Resources\SFA.DAS.Forecasting.Azure.Resources.deployproj", "{2C090CE3-085C-442B-8D66-0226D7AC3076}"
EndProject
Project("{9A19103F-16F7-4668-BE54-9A1E7A4F7556}") = "SFA.DAS.Forecasting.StubApi.Functions", "SFA.DAS.Forecasting.StubApi.Functions\SFA.DAS.Forecasting.StubApi.Functions.csproj", "{ACF14987-C84D-4EEF-BEAF-4194191A4050}"
EndProject
Project("{9A19103F-16F7-4668-BE54-9A1E7A4F7556}") = "SFA.DAS.Forecasting.PreLoad.Functions", "SFA.DAS.Forecasting.PreLoad.Functions\SFA.DAS.Forecasting.PreLoad.Functions.csproj", "{1F221B45-8924-4260-89FB-7C94F4FB3E42}"
EndProject
Project("{9A19103F-16F7-4668-BE54-9A1E7A4F7556}") = "SFA.DAS.Forecasting.ApprenticeshipCourses.Functions", "SFA.DAS.Forecasting.ApprenticeshipCourses.Functions\SFA.DAS.Forecasting.ApprenticeshipCourses.Functions.csproj", "{B1615636-19E9-499C-870E-65145E9E924B}"
EndProject
Project("{FAE04EC0-301F-11D3-BF4B-00C04F79EFBC}") = "SFA.DAS.Forecasting.Data", "SFA.DAS.Forecasting.Data\SFA.DAS.Forecasting.Data.csproj", "{97D35DA3-C286-40BC-82FC-408084233B46}"
EndProject
Project("{FAE04EC0-301F-11D3-BF4B-00C04F79EFBC}") = "SFA.DAS.Forecasting.Web.UnitTests", "SFA.DAS.Forecasting.Web.UnitTests\SFA.DAS.Forecasting.Web.UnitTests.csproj", "{45BA7E2D-B035-4220-9D3C-010E7C86CE7D}"
EndProject
Global
	GlobalSection(SolutionConfigurationPlatforms) = preSolution
		Debug|Any CPU = Debug|Any CPU
		Release|Any CPU = Release|Any CPU
	EndGlobalSection
	GlobalSection(ProjectConfigurationPlatforms) = postSolution
		{DEC16FDF-5394-4137-8C67-21414ED636EB}.Debug|Any CPU.ActiveCfg = Debug|Any CPU
		{DEC16FDF-5394-4137-8C67-21414ED636EB}.Debug|Any CPU.Build.0 = Debug|Any CPU
		{DEC16FDF-5394-4137-8C67-21414ED636EB}.Release|Any CPU.ActiveCfg = Release|Any CPU
		{DEC16FDF-5394-4137-8C67-21414ED636EB}.Release|Any CPU.Build.0 = Release|Any CPU
		{737C7231-3BF2-4D0B-992E-A227D95EAA53}.Debug|Any CPU.ActiveCfg = Debug|Any CPU
		{737C7231-3BF2-4D0B-992E-A227D95EAA53}.Debug|Any CPU.Build.0 = Debug|Any CPU
		{737C7231-3BF2-4D0B-992E-A227D95EAA53}.Release|Any CPU.ActiveCfg = Release|Any CPU
		{737C7231-3BF2-4D0B-992E-A227D95EAA53}.Release|Any CPU.Build.0 = Release|Any CPU
		{B6B0820B-097F-4938-A1D4-FE92F3A1308F}.Debug|Any CPU.ActiveCfg = Debug|Any CPU
		{B6B0820B-097F-4938-A1D4-FE92F3A1308F}.Debug|Any CPU.Build.0 = Debug|Any CPU
		{B6B0820B-097F-4938-A1D4-FE92F3A1308F}.Release|Any CPU.ActiveCfg = Release|Any CPU
		{B6B0820B-097F-4938-A1D4-FE92F3A1308F}.Release|Any CPU.Build.0 = Release|Any CPU
		{EA78B624-B197-47D6-B1B2-171D9CF75371}.Debug|Any CPU.ActiveCfg = Debug|Any CPU
		{EA78B624-B197-47D6-B1B2-171D9CF75371}.Debug|Any CPU.Build.0 = Debug|Any CPU
		{EA78B624-B197-47D6-B1B2-171D9CF75371}.Debug|Any CPU.Deploy.0 = Debug|Any CPU
		{EA78B624-B197-47D6-B1B2-171D9CF75371}.Release|Any CPU.ActiveCfg = Release|Any CPU
		{EA78B624-B197-47D6-B1B2-171D9CF75371}.Release|Any CPU.Build.0 = Release|Any CPU
		{EA78B624-B197-47D6-B1B2-171D9CF75371}.Release|Any CPU.Deploy.0 = Release|Any CPU
		{2477A59A-E3A7-4003-8C40-E48FD4E219EF}.Debug|Any CPU.ActiveCfg = Debug|Any CPU
		{2477A59A-E3A7-4003-8C40-E48FD4E219EF}.Debug|Any CPU.Build.0 = Debug|Any CPU
		{2477A59A-E3A7-4003-8C40-E48FD4E219EF}.Release|Any CPU.ActiveCfg = Release|Any CPU
		{2477A59A-E3A7-4003-8C40-E48FD4E219EF}.Release|Any CPU.Build.0 = Release|Any CPU
		{5EA585E1-4DA6-40BE-8611-B8F2535F7085}.Debug|Any CPU.ActiveCfg = Debug|Any CPU
		{5EA585E1-4DA6-40BE-8611-B8F2535F7085}.Debug|Any CPU.Build.0 = Debug|Any CPU
		{5EA585E1-4DA6-40BE-8611-B8F2535F7085}.Release|Any CPU.ActiveCfg = Release|Any CPU
		{5EA585E1-4DA6-40BE-8611-B8F2535F7085}.Release|Any CPU.Build.0 = Release|Any CPU
		{53EAF7C5-7389-4F4D-BF13-073253D32CCD}.Debug|Any CPU.ActiveCfg = Debug|Any CPU
		{53EAF7C5-7389-4F4D-BF13-073253D32CCD}.Debug|Any CPU.Build.0 = Debug|Any CPU
		{53EAF7C5-7389-4F4D-BF13-073253D32CCD}.Release|Any CPU.ActiveCfg = Release|Any CPU
		{53EAF7C5-7389-4F4D-BF13-073253D32CCD}.Release|Any CPU.Build.0 = Release|Any CPU
		{C6C44EF9-7599-49EB-958D-00681B642C9B}.Debug|Any CPU.ActiveCfg = Debug|Any CPU
		{C6C44EF9-7599-49EB-958D-00681B642C9B}.Debug|Any CPU.Build.0 = Debug|Any CPU
		{C6C44EF9-7599-49EB-958D-00681B642C9B}.Release|Any CPU.ActiveCfg = Release|Any CPU
		{C6C44EF9-7599-49EB-958D-00681B642C9B}.Release|Any CPU.Build.0 = Release|Any CPU
		{426CE92A-1ACB-4FFE-ADB2-5B49484F33CA}.Debug|Any CPU.ActiveCfg = Debug|Any CPU
		{426CE92A-1ACB-4FFE-ADB2-5B49484F33CA}.Debug|Any CPU.Build.0 = Debug|Any CPU
		{426CE92A-1ACB-4FFE-ADB2-5B49484F33CA}.Release|Any CPU.ActiveCfg = Release|Any CPU
		{426CE92A-1ACB-4FFE-ADB2-5B49484F33CA}.Release|Any CPU.Build.0 = Release|Any CPU
		{4E2AC790-1A6F-4B56-8609-0F576BFF3613}.Debug|Any CPU.ActiveCfg = Debug|Any CPU
		{4E2AC790-1A6F-4B56-8609-0F576BFF3613}.Debug|Any CPU.Build.0 = Debug|Any CPU
		{4E2AC790-1A6F-4B56-8609-0F576BFF3613}.Release|Any CPU.ActiveCfg = Release|Any CPU
		{4E2AC790-1A6F-4B56-8609-0F576BFF3613}.Release|Any CPU.Build.0 = Release|Any CPU
		{B0AB734A-AA53-4F32-92A0-0C7ADD6A336C}.Debug|Any CPU.ActiveCfg = Debug|Any CPU
		{B0AB734A-AA53-4F32-92A0-0C7ADD6A336C}.Debug|Any CPU.Build.0 = Debug|Any CPU
		{B0AB734A-AA53-4F32-92A0-0C7ADD6A336C}.Release|Any CPU.ActiveCfg = Release|Any CPU
		{B0AB734A-AA53-4F32-92A0-0C7ADD6A336C}.Release|Any CPU.Build.0 = Release|Any CPU
		{B854C713-F745-413F-A493-22A5F5B13689}.Debug|Any CPU.ActiveCfg = Debug|Any CPU
		{B854C713-F745-413F-A493-22A5F5B13689}.Debug|Any CPU.Build.0 = Debug|Any CPU
		{B854C713-F745-413F-A493-22A5F5B13689}.Release|Any CPU.ActiveCfg = Release|Any CPU
		{B854C713-F745-413F-A493-22A5F5B13689}.Release|Any CPU.Build.0 = Release|Any CPU
		{602A91CA-3FC9-4A33-8B50-2714173EA22C}.Debug|Any CPU.ActiveCfg = Debug|Any CPU
		{602A91CA-3FC9-4A33-8B50-2714173EA22C}.Debug|Any CPU.Build.0 = Debug|Any CPU
		{602A91CA-3FC9-4A33-8B50-2714173EA22C}.Release|Any CPU.ActiveCfg = Release|Any CPU
		{602A91CA-3FC9-4A33-8B50-2714173EA22C}.Release|Any CPU.Build.0 = Release|Any CPU
		{F36C43B1-49D5-4820-BCA7-32C73B110C99}.Debug|Any CPU.ActiveCfg = Debug|Any CPU
		{F36C43B1-49D5-4820-BCA7-32C73B110C99}.Debug|Any CPU.Build.0 = Debug|Any CPU
		{F36C43B1-49D5-4820-BCA7-32C73B110C99}.Release|Any CPU.ActiveCfg = Release|Any CPU
		{F36C43B1-49D5-4820-BCA7-32C73B110C99}.Release|Any CPU.Build.0 = Release|Any CPU
		{ECF5F114-FF6F-4D2C-AB19-B430D02EFBE7}.Debug|Any CPU.ActiveCfg = Debug|Any CPU
		{ECF5F114-FF6F-4D2C-AB19-B430D02EFBE7}.Debug|Any CPU.Build.0 = Debug|Any CPU
		{ECF5F114-FF6F-4D2C-AB19-B430D02EFBE7}.Release|Any CPU.ActiveCfg = Release|Any CPU
		{ECF5F114-FF6F-4D2C-AB19-B430D02EFBE7}.Release|Any CPU.Build.0 = Release|Any CPU
		{97049CCE-774A-4377-B682-1C01B95C2CF3}.Debug|Any CPU.ActiveCfg = Debug|Any CPU
		{97049CCE-774A-4377-B682-1C01B95C2CF3}.Debug|Any CPU.Build.0 = Debug|Any CPU
		{97049CCE-774A-4377-B682-1C01B95C2CF3}.Release|Any CPU.ActiveCfg = Release|Any CPU
		{97049CCE-774A-4377-B682-1C01B95C2CF3}.Release|Any CPU.Build.0 = Release|Any CPU
		{2C090CE3-085C-442B-8D66-0226D7AC3076}.Debug|Any CPU.ActiveCfg = Debug|Any CPU
		{2C090CE3-085C-442B-8D66-0226D7AC3076}.Debug|Any CPU.Build.0 = Debug|Any CPU
		{2C090CE3-085C-442B-8D66-0226D7AC3076}.Release|Any CPU.ActiveCfg = Release|Any CPU
		{2C090CE3-085C-442B-8D66-0226D7AC3076}.Release|Any CPU.Build.0 = Release|Any CPU
		{ACF14987-C84D-4EEF-BEAF-4194191A4050}.Debug|Any CPU.ActiveCfg = Debug|Any CPU
		{ACF14987-C84D-4EEF-BEAF-4194191A4050}.Debug|Any CPU.Build.0 = Debug|Any CPU
		{ACF14987-C84D-4EEF-BEAF-4194191A4050}.Release|Any CPU.ActiveCfg = Release|Any CPU
		{ACF14987-C84D-4EEF-BEAF-4194191A4050}.Release|Any CPU.Build.0 = Release|Any CPU
		{1F221B45-8924-4260-89FB-7C94F4FB3E42}.Debug|Any CPU.ActiveCfg = Debug|Any CPU
		{1F221B45-8924-4260-89FB-7C94F4FB3E42}.Debug|Any CPU.Build.0 = Debug|Any CPU
		{1F221B45-8924-4260-89FB-7C94F4FB3E42}.Release|Any CPU.ActiveCfg = Release|Any CPU
		{1F221B45-8924-4260-89FB-7C94F4FB3E42}.Release|Any CPU.Build.0 = Release|Any CPU
		{B1615636-19E9-499C-870E-65145E9E924B}.Debug|Any CPU.ActiveCfg = Debug|Any CPU
		{B1615636-19E9-499C-870E-65145E9E924B}.Debug|Any CPU.Build.0 = Debug|Any CPU
		{B1615636-19E9-499C-870E-65145E9E924B}.Release|Any CPU.ActiveCfg = Release|Any CPU
		{B1615636-19E9-499C-870E-65145E9E924B}.Release|Any CPU.Build.0 = Release|Any CPU
		{97D35DA3-C286-40BC-82FC-408084233B46}.Debug|Any CPU.ActiveCfg = Debug|Any CPU
		{97D35DA3-C286-40BC-82FC-408084233B46}.Debug|Any CPU.Build.0 = Debug|Any CPU
		{97D35DA3-C286-40BC-82FC-408084233B46}.Release|Any CPU.ActiveCfg = Release|Any CPU
		{97D35DA3-C286-40BC-82FC-408084233B46}.Release|Any CPU.Build.0 = Release|Any CPU
		{45BA7E2D-B035-4220-9D3C-010E7C86CE7D}.Debug|Any CPU.ActiveCfg = Debug|Any CPU
		{45BA7E2D-B035-4220-9D3C-010E7C86CE7D}.Debug|Any CPU.Build.0 = Debug|Any CPU
		{45BA7E2D-B035-4220-9D3C-010E7C86CE7D}.Release|Any CPU.ActiveCfg = Release|Any CPU
		{45BA7E2D-B035-4220-9D3C-010E7C86CE7D}.Release|Any CPU.Build.0 = Release|Any CPU
	EndGlobalSection
	GlobalSection(SolutionProperties) = preSolution
		HideSolutionNode = FALSE
	EndGlobalSection
	GlobalSection(NestedProjects) = preSolution
		{2477A59A-E3A7-4003-8C40-E48FD4E219EF} = {1DD9C0CC-B5FA-4244-9E57-43B8A9DCAD85}
		{5EA585E1-4DA6-40BE-8611-B8F2535F7085} = {1DD9C0CC-B5FA-4244-9E57-43B8A9DCAD85}
		{53EAF7C5-7389-4F4D-BF13-073253D32CCD} = {1DD9C0CC-B5FA-4244-9E57-43B8A9DCAD85}
		{4E2AC790-1A6F-4B56-8609-0F576BFF3613} = {520C268E-E13A-4578-A05F-64F42F471AE5}
		{B0AB734A-AA53-4F32-92A0-0C7ADD6A336C} = {1DD9C0CC-B5FA-4244-9E57-43B8A9DCAD85}
		{B854C713-F745-413F-A493-22A5F5B13689} = {1DD9C0CC-B5FA-4244-9E57-43B8A9DCAD85}
		{602A91CA-3FC9-4A33-8B50-2714173EA22C} = {520C268E-E13A-4578-A05F-64F42F471AE5}
		{F36C43B1-49D5-4820-BCA7-32C73B110C99} = {520C268E-E13A-4578-A05F-64F42F471AE5}
		{ACF14987-C84D-4EEF-BEAF-4194191A4050} = {520C268E-E13A-4578-A05F-64F42F471AE5}
		{1F221B45-8924-4260-89FB-7C94F4FB3E42} = {520C268E-E13A-4578-A05F-64F42F471AE5}
		{B1615636-19E9-499C-870E-65145E9E924B} = {520C268E-E13A-4578-A05F-64F42F471AE5}
		{45BA7E2D-B035-4220-9D3C-010E7C86CE7D} = {1DD9C0CC-B5FA-4244-9E57-43B8A9DCAD85}
	EndGlobalSection
	GlobalSection(ExtensibilityGlobals) = postSolution
		SolutionGuid = {89553F32-71A1-4EE1-8BD1-BC5BCC7E5E70}
	EndGlobalSection
EndGlobal
