
Microsoft Visual Studio Solution File, Format Version 12.00
# Visual Studio 14
VisualStudioVersion = 14.0.25420.1
MinimumVisualStudioVersion = 10.0.40219.1
Project("{FAE04EC0-301F-11D3-BF4B-00C04F79EFBC}") = "SFA.DAS.Forecasting.Web", "SFA.DAS.Forecasting.Web\SFA.DAS.Forecasting.Web.csproj", "{DEC16FDF-5394-4137-8C67-21414ED636EB}"
EndProject
Project("{FAE04EC0-301F-11D3-BF4B-00C04F79EFBC}") = "SFA.DAS.Forecasting.Infrastructure", "SFA.DAS.Forecasting.Infrastructure\SFA.DAS.Forecasting.Infrastructure.csproj", "{30D7F22F-F384-4027-B91B-B2E1D08489DE}"
EndProject
Project("{FAE04EC0-301F-11D3-BF4B-00C04F79EFBC}") = "SFA.DAS.Forecasting.Domain", "SFA.DAS.Forecasting.Domain\SFA.DAS.Forecasting.Domain.csproj", "{737C7231-3BF2-4D0B-992E-A227D95EAA53}"
EndProject
Project("{FAE04EC0-301F-11D3-BF4B-00C04F79EFBC}") = "SFA.DAS.Forecasting.Application", "SFA.DAS.Forecasting.Application\SFA.DAS.Forecasting.Application.csproj", "{B6B0820B-097F-4938-A1D4-FE92F3A1308F}"
EndProject
Project("{00D1A9C2-B5F0-4AF3-8072-F6C62B433612}") = "SFA.DAS.Forecasting.Database", "SFA.DAS.Forecasting.Database\SFA.DAS.Forecasting.Database.sqlproj", "{EA78B624-B197-47D6-B1B2-171D9CF75371}"
EndProject
Project("{2150E333-8FDC-42A3-9474-1A3956D46DE8}") = "Tests", "Tests", "{1DD9C0CC-B5FA-4244-9E57-43B8A9DCAD85}"
EndProject
Project("{FAE04EC0-301F-11D3-BF4B-00C04F79EFBC}") = "SFA.DAS.Forecasting.Application.UnitTests", "SFA.DAS.Forecasting.Application.UnitTests\SFA.DAS.Forecasting.Application.UnitTests.csproj", "{2477A59A-E3A7-4003-8C40-E48FD4E219EF}"
EndProject
Global
	GlobalSection(SolutionConfigurationPlatforms) = preSolution
		Debug|Any CPU = Debug|Any CPU
		Release|Any CPU = Release|Any CPU
	EndGlobalSection
	GlobalSection(ProjectConfigurationPlatforms) = postSolution
		{DEC16FDF-5394-4137-8C67-21414ED636EB}.Debug|Any CPU.ActiveCfg = Debug|Any CPU
		{DEC16FDF-5394-4137-8C67-21414ED636EB}.Debug|Any CPU.Build.0 = Debug|Any CPU
		{DEC16FDF-5394-4137-8C67-21414ED636EB}.Release|Any CPU.ActiveCfg = Release|Any CPU
		{DEC16FDF-5394-4137-8C67-21414ED636EB}.Release|Any CPU.Build.0 = Release|Any CPU
		{30D7F22F-F384-4027-B91B-B2E1D08489DE}.Debug|Any CPU.ActiveCfg = Debug|Any CPU
		{30D7F22F-F384-4027-B91B-B2E1D08489DE}.Debug|Any CPU.Build.0 = Debug|Any CPU
		{30D7F22F-F384-4027-B91B-B2E1D08489DE}.Release|Any CPU.ActiveCfg = Release|Any CPU
		{30D7F22F-F384-4027-B91B-B2E1D08489DE}.Release|Any CPU.Build.0 = Release|Any CPU
		{737C7231-3BF2-4D0B-992E-A227D95EAA53}.Debug|Any CPU.ActiveCfg = Debug|Any CPU
		{737C7231-3BF2-4D0B-992E-A227D95EAA53}.Debug|Any CPU.Build.0 = Debug|Any CPU
		{737C7231-3BF2-4D0B-992E-A227D95EAA53}.Release|Any CPU.ActiveCfg = Release|Any CPU
		{737C7231-3BF2-4D0B-992E-A227D95EAA53}.Release|Any CPU.Build.0 = Release|Any CPU
		{B6B0820B-097F-4938-A1D4-FE92F3A1308F}.Debug|Any CPU.ActiveCfg = Debug|Any CPU
		{B6B0820B-097F-4938-A1D4-FE92F3A1308F}.Debug|Any CPU.Build.0 = Debug|Any CPU
		{B6B0820B-097F-4938-A1D4-FE92F3A1308F}.Release|Any CPU.ActiveCfg = Release|Any CPU
		{B6B0820B-097F-4938-A1D4-FE92F3A1308F}.Release|Any CPU.Build.0 = Release|Any CPU
		{EA78B624-B197-47D6-B1B2-171D9CF75371}.Debug|Any CPU.ActiveCfg = Debug|Any CPU
		{EA78B624-B197-47D6-B1B2-171D9CF75371}.Debug|Any CPU.Build.0 = Debug|Any CPU
		{EA78B624-B197-47D6-B1B2-171D9CF75371}.Debug|Any CPU.Deploy.0 = Debug|Any CPU
		{EA78B624-B197-47D6-B1B2-171D9CF75371}.Release|Any CPU.ActiveCfg = Release|Any CPU
		{EA78B624-B197-47D6-B1B2-171D9CF75371}.Release|Any CPU.Build.0 = Release|Any CPU
		{EA78B624-B197-47D6-B1B2-171D9CF75371}.Release|Any CPU.Deploy.0 = Release|Any CPU
		{2477A59A-E3A7-4003-8C40-E48FD4E219EF}.Debug|Any CPU.ActiveCfg = Debug|Any CPU
		{2477A59A-E3A7-4003-8C40-E48FD4E219EF}.Debug|Any CPU.Build.0 = Debug|Any CPU
		{2477A59A-E3A7-4003-8C40-E48FD4E219EF}.Release|Any CPU.ActiveCfg = Release|Any CPU
		{2477A59A-E3A7-4003-8C40-E48FD4E219EF}.Release|Any CPU.Build.0 = Release|Any CPU
	EndGlobalSection
	GlobalSection(SolutionProperties) = preSolution
		HideSolutionNode = FALSE
	EndGlobalSection
	GlobalSection(NestedProjects) = preSolution
		{2477A59A-E3A7-4003-8C40-E48FD4E219EF} = {1DD9C0CC-B5FA-4244-9E57-43B8A9DCAD85}
	EndGlobalSection
EndGlobal
